
Microsoft Visual Studio Solution File, Format Version 12.00
# Visual Studio Version 17
VisualStudioVersion = 17.11.35312.102
MinimumVisualStudioVersion = 10.0.40219.1
Project("{F2A71F9B-5D33-465A-A702-920D77279786}") = "ParadygmatyF5S", "ParadygmatyF5S\ParadygmatyF5S.fsproj", "{0AEE6300-51ED-4E4E-9045-C89617A9CB4F}"
EndProject
Global
	GlobalSection(SolutionConfigurationPlatforms) = preSolution
		Debug|Any CPU = Debug|Any CPU
		Release|Any CPU = Release|Any CPU
	EndGlobalSection
	GlobalSection(ProjectConfigurationPlatforms) = postSolution
		{0AEE6300-51ED-4E4E-9045-C89617A9CB4F}.Debug|Any CPU.ActiveCfg = Debug|Any CPU
		{0AEE6300-51ED-4E4E-9045-C89617A9CB4F}.Debug|Any CPU.Build.0 = Debug|Any CPU
		{0AEE6300-51ED-4E4E-9045-C89617A9CB4F}.Release|Any CPU.ActiveCfg = Release|Any CPU
		{0AEE6300-51ED-4E4E-9045-C89617A9CB4F}.Release|Any CPU.Build.0 = Release|Any CPU
	EndGlobalSection
	GlobalSection(SolutionProperties) = preSolution
		HideSolutionNode = FALSE
	EndGlobalSection
	GlobalSection(ExtensibilityGlobals) = postSolution
		SolutionGuid = {8D02F423-DF84-4460-B19B-339D50A320A8}
	EndGlobalSection
EndGlobal
